
Microsoft Visual Studio Solution File, Format Version 12.00
# Visual Studio Version 17
VisualStudioVersion = 17.3.32922.545
MinimumVisualStudioVersion = 10.0.40219.1
Project("{9A19103F-16F7-4668-BE54-9A1E7A4F7556}") = "PoserEditTable", "ConsoleApp17\PoserEditTable.csproj", "{031C2AB6-8E88-4848-901E-4FE64AD5F5B6}"
EndProject
Global
	GlobalSection(SolutionConfigurationPlatforms) = preSolution
		Debug|Any CPU = Debug|Any CPU
		Release|Any CPU = Release|Any CPU
	EndGlobalSection
	GlobalSection(ProjectConfigurationPlatforms) = postSolution
		{031C2AB6-8E88-4848-901E-4FE64AD5F5B6}.Debug|Any CPU.ActiveCfg = Debug|Any CPU
		{031C2AB6-8E88-4848-901E-4FE64AD5F5B6}.Debug|Any CPU.Build.0 = Debug|Any CPU
		{031C2AB6-8E88-4848-901E-4FE64AD5F5B6}.Release|Any CPU.ActiveCfg = Release|Any CPU
		{031C2AB6-8E88-4848-901E-4FE64AD5F5B6}.Release|Any CPU.Build.0 = Release|Any CPU
	EndGlobalSection
	GlobalSection(SolutionProperties) = preSolution
		HideSolutionNode = FALSE
	EndGlobalSection
	GlobalSection(ExtensibilityGlobals) = postSolution
		SolutionGuid = {67C5FF4E-B029-4FB0-B8C7-33D9F6A8604F}
	EndGlobalSection
EndGlobal
